<?xml version="1.0" encoding="utf-8"?>
<Project ToolsVersion="16.0" xmlns="http://schemas.microsoft.com/developer/msbuild/2003">
  <ItemGroup>
    <CustomBuild Include="C:\github\darknet\CMakeFiles\8cf0c64303aa2126101a0212fc28c8d9\INSTALL_force.rule">
      <Filter>CMake Rules</Filter>
    </CustomBuild>
  </ItemGroup>
  <ItemGroup>
    <Filter Include="CMake Rules">
      <UniqueIdentifier>{3BD366C5-9DC8-3B22-84A6-74A58189B853}</UniqueIdentifier>
    </Filter>
  </ItemGroup>
</Project>
